
Microsoft Visual Studio Solution File, Format Version 12.00
Project("{FAE04EC0-301F-11D3-BF4B-00C04F79EFBC}") = "Homework_Feb19", "Homework_Feb19.csproj", "{F2A5DBE7-D98E-4F1F-82AF-1F9E1898E2E2}"
EndProject
Global
	GlobalSection(SolutionConfigurationPlatforms) = preSolution
		Debug|Any CPU = Debug|Any CPU
		Release|Any CPU = Release|Any CPU
	EndGlobalSection
	GlobalSection(ProjectConfigurationPlatforms) = postSolution
		{F2A5DBE7-D98E-4F1F-82AF-1F9E1898E2E2}.Debug|Any CPU.ActiveCfg = Debug|Any CPU
		{F2A5DBE7-D98E-4F1F-82AF-1F9E1898E2E2}.Debug|Any CPU.Build.0 = Debug|Any CPU
		{F2A5DBE7-D98E-4F1F-82AF-1F9E1898E2E2}.Release|Any CPU.ActiveCfg = Release|Any CPU
		{F2A5DBE7-D98E-4F1F-82AF-1F9E1898E2E2}.Release|Any CPU.Build.0 = Release|Any CPU
	EndGlobalSection
EndGlobal
