
Microsoft Visual Studio Solution File, Format Version 12.00
Project("{FAE04EC0-301F-11D3-BF4B-00C04F79EFBC}") = "WhileLoops", "WhileLoops.csproj", "{803F7C08-2D3D-4049-A0CF-D392AE08C271}"
EndProject
Global
	GlobalSection(SolutionConfigurationPlatforms) = preSolution
		Debug|Any CPU = Debug|Any CPU
		Release|Any CPU = Release|Any CPU
	EndGlobalSection
	GlobalSection(ProjectConfigurationPlatforms) = postSolution
		{803F7C08-2D3D-4049-A0CF-D392AE08C271}.Debug|Any CPU.ActiveCfg = Debug|Any CPU
		{803F7C08-2D3D-4049-A0CF-D392AE08C271}.Debug|Any CPU.Build.0 = Debug|Any CPU
		{803F7C08-2D3D-4049-A0CF-D392AE08C271}.Release|Any CPU.ActiveCfg = Release|Any CPU
		{803F7C08-2D3D-4049-A0CF-D392AE08C271}.Release|Any CPU.Build.0 = Release|Any CPU
	EndGlobalSection
EndGlobal
